PODS:
  - Flutter (1.0.0)
  - in_app_review (2.0.0):
    - Flutter
  - Mixpanel-swift (5.1.0):
    - Mixpanel-swift/Complete (= 5.1.0)
  - Mixpanel-swift/Complete (5.1.0)
  - mixpanel_flutter (2.4.4):
    - Flutter
    - Mixpanel-swift (= 5.1.0)
  - mobile_scanner (7.0.0):
    - Flutter
    - FlutterMacOS
  - path_provider_foundation (0.0.1):
    - Flutter
    - FlutterMacOS
  - url_launcher_ios (0.0.1):
    - Flutter

DEPENDENCIES:
  - Flutter (from `Flutter`)
  - in_app_review (from `.symlinks/plugins/in_app_review/ios`)
  - mixpanel_flutter (from `.symlinks/plugins/mixpanel_flutter/ios`)
  - mobile_scanner (from `.symlinks/plugins/mobile_scanner/darwin`)
  - path_provider_foundation (from `.symlinks/plugins/path_provider_foundation/darwin`)
  - url_launcher_ios (from `.symlinks/plugins/url_launcher_ios/ios`)

SPEC REPOS:
  trunk:
    - Mixpanel-swift

EXTERNAL SOURCES:
  Flutter:
    :path: Flutter
  in_app_review:
    :path: ".symlinks/plugins/in_app_review/ios"
  mixpanel_flutter:
    :path: ".symlinks/plugins/mixpanel_flutter/ios"
  mobile_scanner:
    :path: ".symlinks/plugins/mobile_scanner/darwin"
  path_provider_foundation:
    :path: ".symlinks/plugins/path_provider_foundation/darwin"
  url_launcher_ios:
    :path: ".symlinks/plugins/url_launcher_ios/ios"

SPEC CHECKSUMS:
  Flutter: cabc95a1d2626b1b06e7179b784ebcf0c0cde467
  in_app_review: 7dd1ea365263f834b8464673f9df72c80c17c937
  Mixpanel-swift: 7b26468fc0e2e521104e51d65c4bbf7cab8162f8
  mixpanel_flutter: a0b6b937035899cd01951735ad5f87718b2ffee5
  mobile_scanner: 9157936403f5a0644ca3779a38ff8404c5434a93
  path_provider_foundation: 080d55be775b7414fd5a5ef3ac137b97b097e564
  url_launcher_ios: 694010445543906933d732453a59da0a173ae33d

PODFILE CHECKSUM: 3c63482e143d1b91d2d2560aee9fb04ecc74ac7e

COCOAPODS: 1.16.2
